
Microsoft Visual Studio Solution File, Format Version 12.00
# Visual Studio 14
VisualStudioVersion = 14.0.25420.1
MinimumVisualStudioVersion = 10.0.40219.1
Project("{FAE04EC0-301F-11D3-BF4B-00C04F79EFBC}") = "ConfigEx", "ConfigEx\ConfigEx.csproj", "{B12851AA-BB4E-4381-9DD6-3D3D2763FBDC}"
EndProject
Project("{2150E333-8FDC-42A3-9474-1A3956D46DE8}") = "Sample", "Sample", "{67CBE01F-96E1-46A9-8B33-901D1FE4F29D}"
EndProject
Project("{FAE04EC0-301F-11D3-BF4B-00C04F79EFBC}") = "MyApp", "Sample\MyApp\MyApp.csproj", "{0BDECECE-C14B-4577-9A5D-4F49D6DD5EB1}"
EndProject
Project("{FAE04EC0-301F-11D3-BF4B-00C04F79EFBC}") = "MyApp.RefLib", "Sample\MyApp.RefLib\MyApp.RefLib.csproj", "{02E52726-4EE7-4BE5-813A-471B7CC3119C}"
EndProject
Project("{FAE04EC0-301F-11D3-BF4B-00C04F79EFBC}") = "MyApp.Tests", "Sample\MyApp.Tests\MyApp.Tests.csproj", "{07CD639C-9357-41DD-824C-87D11E0A447A}"
EndProject
Project("{FAE04EC0-301F-11D3-BF4B-00C04F79EFBC}") = "MyWebApp", "Sample\MyWebApp\MyWebApp.csproj", "{C786A848-A4F0-4C99-A1EF-72952540DD9B}"
EndProject
Global
	GlobalSection(SolutionConfigurationPlatforms) = preSolution
		Debug|Any CPU = Debug|Any CPU
		Release|Any CPU = Release|Any CPU
	EndGlobalSection
	GlobalSection(ProjectConfigurationPlatforms) = postSolution
		{B12851AA-BB4E-4381-9DD6-3D3D2763FBDC}.Debug|Any CPU.ActiveCfg = Debug|Any CPU
		{B12851AA-BB4E-4381-9DD6-3D3D2763FBDC}.Debug|Any CPU.Build.0 = Debug|Any CPU
		{B12851AA-BB4E-4381-9DD6-3D3D2763FBDC}.Release|Any CPU.ActiveCfg = Release|Any CPU
		{B12851AA-BB4E-4381-9DD6-3D3D2763FBDC}.Release|Any CPU.Build.0 = Release|Any CPU
		{0BDECECE-C14B-4577-9A5D-4F49D6DD5EB1}.Debug|Any CPU.ActiveCfg = Debug|Any CPU
		{0BDECECE-C14B-4577-9A5D-4F49D6DD5EB1}.Release|Any CPU.ActiveCfg = Release|Any CPU
		{02E52726-4EE7-4BE5-813A-471B7CC3119C}.Debug|Any CPU.ActiveCfg = Debug|Any CPU
		{02E52726-4EE7-4BE5-813A-471B7CC3119C}.Release|Any CPU.ActiveCfg = Release|Any CPU
		{07CD639C-9357-41DD-824C-87D11E0A447A}.Debug|Any CPU.ActiveCfg = Debug|Any CPU
		{07CD639C-9357-41DD-824C-87D11E0A447A}.Release|Any CPU.ActiveCfg = Release|Any CPU
		{C786A848-A4F0-4C99-A1EF-72952540DD9B}.Debug|Any CPU.ActiveCfg = Debug|Any CPU
		{C786A848-A4F0-4C99-A1EF-72952540DD9B}.Release|Any CPU.ActiveCfg = Release|Any CPU
	EndGlobalSection
	GlobalSection(SolutionProperties) = preSolution
		HideSolutionNode = FALSE
	EndGlobalSection
	GlobalSection(NestedProjects) = preSolution
		{0BDECECE-C14B-4577-9A5D-4F49D6DD5EB1} = {67CBE01F-96E1-46A9-8B33-901D1FE4F29D}
		{02E52726-4EE7-4BE5-813A-471B7CC3119C} = {67CBE01F-96E1-46A9-8B33-901D1FE4F29D}
		{07CD639C-9357-41DD-824C-87D11E0A447A} = {67CBE01F-96E1-46A9-8B33-901D1FE4F29D}
		{C786A848-A4F0-4C99-A1EF-72952540DD9B} = {67CBE01F-96E1-46A9-8B33-901D1FE4F29D}
	EndGlobalSection
EndGlobal
